
Microsoft Visual Studio Solution File, Format Version 12.00
# Visual Studio Version 16
VisualStudioVersion = 16.0.29613.14
MinimumVisualStudioVersion = 10.0.40219.1
Project("{FAE04EC0-301F-11D3-BF4B-00C04F79EFBC}") = "MethodExercise", "MethodExercise\MethodExercise.csproj", "{3749ED35-F403-4FE4-9204-FF738FB3C92B}"
EndProject
Global
	GlobalSection(SolutionConfigurationPlatforms) = preSolution
		Debug|Any CPU = Debug|Any CPU
		Release|Any CPU = Release|Any CPU
	EndGlobalSection
	GlobalSection(ProjectConfigurationPlatforms) = postSolution
		{3749ED35-F403-4FE4-9204-FF738FB3C92B}.Debug|Any CPU.ActiveCfg = Debug|Any CPU
		{3749ED35-F403-4FE4-9204-FF738FB3C92B}.Debug|Any CPU.Build.0 = Debug|Any CPU
		{3749ED35-F403-4FE4-9204-FF738FB3C92B}.Release|Any CPU.ActiveCfg = Release|Any CPU
		{3749ED35-F403-4FE4-9204-FF738FB3C92B}.Release|Any CPU.Build.0 = Release|Any CPU
	EndGlobalSection
	GlobalSection(SolutionProperties) = preSolution
		HideSolutionNode = FALSE
	EndGlobalSection
	GlobalSection(ExtensibilityGlobals) = postSolution
		SolutionGuid = {0D0B62BC-4645-43B3-A20F-033CB23B59C3}
	EndGlobalSection
EndGlobal
